
Microsoft Visual Studio Solution File, Format Version 12.00
# Visual Studio 2012
Project("{FAE04EC0-301F-11D3-BF4B-00C04F79EFBC}") = "FirebirdTest", "FirebirdTest\FirebirdTest.csproj", "{04371ABB-7345-4533-A9C1-0A609685ACDE}"
EndProject
Global
	GlobalSection(SolutionConfigurationPlatforms) = preSolution
		Debug|Any CPU = Debug|Any CPU
		Release|Any CPU = Release|Any CPU
	EndGlobalSection
	GlobalSection(ProjectConfigurationPlatforms) = postSolution
		{04371ABB-7345-4533-A9C1-0A609685ACDE}.Debug|Any CPU.ActiveCfg = Debug|Any CPU
		{04371ABB-7345-4533-A9C1-0A609685ACDE}.Debug|Any CPU.Build.0 = Debug|Any CPU
		{04371ABB-7345-4533-A9C1-0A609685ACDE}.Release|Any CPU.ActiveCfg = Release|Any CPU
		{04371ABB-7345-4533-A9C1-0A609685ACDE}.Release|Any CPU.Build.0 = Release|Any CPU
	EndGlobalSection
	GlobalSection(SolutionProperties) = preSolution
		HideSolutionNode = FALSE
	EndGlobalSection
EndGlobal
